# This file is autogenerated, do not edit; changes may be undone by the next 'dep ensure'.


[[projects]]
  digest = "1:47dc4f6ee8a7dda99b516b56cb7fcc4f53ca94756263bdcea55c918a60126062"
  name = "github.com/kr/pty"
  packages = ["."]
  pruneopts = ""
  revision = "521317be5ebc228a0f0ede099fa2a0b5ece22e49"
  version = "v1.1.4"

[[projects]]
  digest = "1:7937d478555f270b514fa036cc499a1c19409f04ce0a8e92ab35b0f1ad0cfada"
  name = "github.com/mdlayher/vsock"
  packages = ["."]
  pruneopts = ""
  revision = "65587aa3274a83bbca6fcb90c96e84a3912b3201"

[[projects]]
  digest = "1:37e29a8a31943c3ebeea9527564fdc5d9f4138f48e3bab14d20038bc9c510930"
  name = "github.com/opencontainers/runtime-spec"
  packages = ["specs-go"]
  pruneopts = ""
  revision = "02137cd4e50b37a01665e1731fcd4ac2d2178230"
  version = "v1.0.0"

[[projects]]
  digest = "1:1d7e1867c49a6dd9856598ef7c3123604ea3daabf5b83f303ff457bcbc410b1d"
  name = "github.com/pkg/errors"
  packages = ["."]
  pruneopts = ""
  revision = "ba968bfe8b2f7e042a574c888954fccecfa385b4"
  version = "v0.8.1"

[[projects]]
  digest = "1:db3978ccda6ba3a910be02f7ddd466557ccae273a374c5f60ca34873b721ee4f"
  name = "github.com/seccomp/libseccomp-golang"
  packages = ["."]
  pruneopts = ""
  revision = "84e90a91acea0f4e51e62bc1a75de18b1fc0790f"

[[projects]]
  digest = "1:cbaf13cdbfef0e4734ed8a7504f57fe893d471d62a35b982bf6fb3f036449a66"
  name = "github.com/spf13/pflag"
  packages = ["."]
  pruneopts = ""
  revision = "298182f68c66c05229eb03ac171abe6e309ee79a"
  version = "v1.0.3"

[[projects]]
  digest = "1:1a290d8a0d01636e2434b6082ad863fe851af1c1b9cbbf0b084f7687613d7222"
  name = "github.com/syndtr/gocapability"
  packages = ["capability"]
  pruneopts = ""
  revision = "db04d3cc01c8b54962a58ec7e491717d06cfcc16"

[[projects]]
  branch = "master"
  digest = "1:e790bf4ad2a216d33725bf35b8bb386c3c584869b5ee4ac8027eefd9853f9ad4"
  name = "github.com/vishvananda/netlink"
  packages = [
    ".",
    "nl",
  ]
  pruneopts = ""
  revision = "f504738125a57f35f87fc30fb69b8df75237ccde"

[[projects]]
  branch = "master"
  digest = "1:c09fddfdd491edaa4383396503e57023a26e5a824283a78c2310613a1252c649"
  name = "github.com/vishvananda/netns"
  packages = ["."]
  pruneopts = ""
  revision = "13995c7128ccc8e51e9a6bd2b551020a27180abd"

[[projects]]
  branch = "master"
  digest = "1:36ef1d8645934b1744cc7d8726e00d3dd9d8d84c18617bf7367a3a6d532f3370"
  name = "golang.org/x/crypto"
  packages = ["ssh/terminal"]
  pruneopts = ""
  revision = "a5d413f7728c81fb97d96a2b722368945f651e78"

[[projects]]
  branch = "master"
  digest = "1:1b0de777d8ddd63356d5a4d76799ea8f47e811aa9dda85ddc72b2a061c799cc9"
  name = "golang.org/x/sys"
  packages = [
    "unix",
    "windows",
  ]
  pruneopts = ""
  revision = "9eb1bfa1ce65ae8a6ff3114b0aaf9a41a6cf3560"

[solve-meta]
  analyzer-name = "dep"
  analyzer-version = 1
  input-imports = [
    "github.com/kr/pty",
    "github.com/mdlayher/vsock",
    "github.com/opencontainers/runtime-spec/specs-go",
    "github.com/pkg/errors",
    "github.com/seccomp/libseccomp-golang",
    "github.com/spf13/pflag",
    "github.com/syndtr/gocapability/capability",
    "github.com/vishvananda/netlink",
    "golang.org/x/crypto/ssh/terminal",
    "golang.org/x/sys/unix",
  ]
  solver-name = "gps-cdcl"
  solver-version = 1
